
Microsoft Visual Studio Solution File, Format Version 12.00
# Visual Studio Version 17
VisualStudioVersion = 17.0.32014.148
MinimumVisualStudioVersion = 10.0.40219.1
Project("{FAE04EC0-301F-11D3-BF4B-00C04F79EFBC}") = "Games", "Games\Games.csproj", "{4EE75C1D-9A32-4347-A84C-7F7AB9454895}"
EndProject
Global
	GlobalSection(SolutionConfigurationPlatforms) = preSolution
		Debug|Any CPU = Debug|Any CPU
		Release|Any CPU = Release|Any CPU
	EndGlobalSection
	GlobalSection(ProjectConfigurationPlatforms) = postSolution
		{4EE75C1D-9A32-4347-A84C-7F7AB9454895}.Debug|Any CPU.ActiveCfg = Debug|Any CPU
		{4EE75C1D-9A32-4347-A84C-7F7AB9454895}.Debug|Any CPU.Build.0 = Debug|Any CPU
		{4EE75C1D-9A32-4347-A84C-7F7AB9454895}.Release|Any CPU.ActiveCfg = Release|Any CPU
		{4EE75C1D-9A32-4347-A84C-7F7AB9454895}.Release|Any CPU.Build.0 = Release|Any CPU
	EndGlobalSection
	GlobalSection(SolutionProperties) = preSolution
		HideSolutionNode = FALSE
	EndGlobalSection
	GlobalSection(ExtensibilityGlobals) = postSolution
		SolutionGuid = {D3868181-E3DD-49BD-BD31-EF6774BA2B1D}
	EndGlobalSection
EndGlobal
